// !$*UTF8*$!
{
	archiveVersion = 1;
	classes = {
	};
	objectVersion = 56;
	objects = {

/* Begin PBXBuildFile section */
		45219B3D29C1B2A9006EFE17 /* AppDelegate.swift in Sources */ = {isa = PBXBuildFile; fileRef = 45219B3C29C1B2A9006EFE17 /* AppDelegate.swift */; };
		45219B3F29C1B2A9006EFE17 /* SceneDelegate.swift in Sources */ = {isa = PBXBuildFile; fileRef = 45219B3E29C1B2A9006EFE17 /* SceneDelegate.swift */; };
		45219B4129C1B2A9006EFE17 /* PokeListViewController.swift in Sources */ = {isa = PBXBuildFile; fileRef = 45219B4029C1B2A9006EFE17 /* PokeListViewController.swift */; };
		45219B4429C1B2A9006EFE17 /* Main.storyboard in Resources */ = {isa = PBXBuildFile; fileRef = 45219B4229C1B2A9006EFE17 /* Main.storyboard */; };
		45219B4629C1B2AB006EFE17 /* Assets.xcassets in Resources */ = {isa = PBXBuildFile; fileRef = 45219B4529C1B2AB006EFE17 /* Assets.xcassets */; };
		45219B4929C1B2AB006EFE17 /* LaunchScreen.storyboard in Resources */ = {isa = PBXBuildFile; fileRef = 45219B4729C1B2AB006EFE17 /* LaunchScreen.storyboard */; };
		45219B5429C1B2AC006EFE17 /* PokeAppTests.swift in Sources */ = {isa = PBXBuildFile; fileRef = 45219B5329C1B2AC006EFE17 /* PokeAppTests.swift */; };
		45219B5E29C1B2AC006EFE17 /* PokeAppUITests.swift in Sources */ = {isa = PBXBuildFile; fileRef = 45219B5D29C1B2AC006EFE17 /* PokeAppUITests.swift */; };
		45219B6029C1B2AC006EFE17 /* PokeAppUITestsLaunchTests.swift in Sources */ = {isa = PBXBuildFile; fileRef = 45219B5F29C1B2AC006EFE17 /* PokeAppUITestsLaunchTests.swift */; };
		45219B7329C1B505006EFE17 /* PokeModel.swift in Sources */ = {isa = PBXBuildFile; fileRef = 45219B7229C1B505006EFE17 /* PokeModel.swift */; };
		45219B7D29C1B788006EFE17 /* PokeListCollectionCell.swift in Sources */ = {isa = PBXBuildFile; fileRef = 45219B7B29C1B788006EFE17 /* PokeListCollectionCell.swift */; };
		45219B7E29C1B788006EFE17 /* PokeListCollectionCell.xib in Resources */ = {isa = PBXBuildFile; fileRef = 45219B7C29C1B788006EFE17 /* PokeListCollectionCell.xib */; };
		45219B8029C1C60A006EFE17 /* ApiService.swift in Sources */ = {isa = PBXBuildFile; fileRef = 45219B7F29C1C60A006EFE17 /* ApiService.swift */; };
		45219B8229C1C666006EFE17 /* PokeListViewModel.swift in Sources */ = {isa = PBXBuildFile; fileRef = 45219B8129C1C666006EFE17 /* PokeListViewModel.swift */; };
		454AB1A629C3FBFD0066C852 /* PokeHeaderCell.swift in Sources */ = {isa = PBXBuildFile; fileRef = 454AB1A429C3FBFD0066C852 /* PokeHeaderCell.swift */; };
		454AB1A729C3FBFD0066C852 /* PokeHeaderCell.xib in Resources */ = {isa = PBXBuildFile; fileRef = 454AB1A529C3FBFD0066C852 /* PokeHeaderCell.xib */; };
		454AB1AA29C3FCAC0066C852 /* PokeDetailController.swift in Sources */ = {isa = PBXBuildFile; fileRef = 454AB1A829C3FCAC0066C852 /* PokeDetailController.swift */; };
		454AB1AB29C3FCAC0066C852 /* PokeDetailController.xib in Resources */ = {isa = PBXBuildFile; fileRef = 454AB1A929C3FCAC0066C852 /* PokeDetailController.xib */; };
		454AB1AF29C400C60066C852 /* PokeImageTableCell.swift in Sources */ = {isa = PBXBuildFile; fileRef = 454AB1AD29C400C60066C852 /* PokeImageTableCell.swift */; };
		454AB1B029C400C60066C852 /* PokeImageTableCell.xib in Resources */ = {isa = PBXBuildFile; fileRef = 454AB1AE29C400C60066C852 /* PokeImageTableCell.xib */; };
		454AB1B429C402160066C852 /* QuickAttackLabelTableCell.swift in Sources */ = {isa = PBXBuildFile; fileRef = 454AB1B229C402160066C852 /* QuickAttackLabelTableCell.swift */; };
		454AB1B529C402160066C852 /* QuickAttackLabelTableCell.xib in Resources */ = {isa = PBXBuildFile; fileRef = 454AB1B329C402160066C852 /* QuickAttackLabelTableCell.xib */; };
		454AB1B729C4128B0066C852 /* PokeDetailViewModel.swift in Sources */ = {isa = PBXBuildFile; fileRef = 454AB1B629C4128B0066C852 /* PokeDetailViewModel.swift */; };
		459951F829C2D4A700465445 /* SDWebImage in Frameworks */ = {isa = PBXBuildFile; productRef = 459951F729C2D4A700465445 /* SDWebImage */; };
		459951FA29C2D4A700465445 /* SDWebImageMapKit in Frameworks */ = {isa = PBXBuildFile; productRef = 459951F929C2D4A700465445 /* SDWebImageMapKit */; };
		4599520029C312C500465445 /* PokeDetailModel.swift in Sources */ = {isa = PBXBuildFile; fileRef = 459951FF29C312C500465445 /* PokeDetailModel.swift */; };
		D7285BEF29C71EA100CF94B0 /* PokeDetailsModel.swift in Sources */ = {isa = PBXBuildFile; fileRef = D7285BEE29C71EA100CF94B0 /* PokeDetailsModel.swift */; };
/* End PBXBuildFile section */

/* Begin PBXContainerItemProxy section */
		45219B5029C1B2AC006EFE17 /* PBXContainerItemProxy */ = {
			isa = PBXContainerItemProxy;
			containerPortal = 45219B3129C1B2A9006EFE17 /* Project object */;
			proxyType = 1;
			remoteGlobalIDString = 45219B3829C1B2A9006EFE17;
			remoteInfo = PokeApp;
		};
		45219B5A29C1B2AC006EFE17 /* PBXContainerItemProxy */ = {
			isa = PBXContainerItemProxy;
			containerPortal = 45219B3129C1B2A9006EFE17 /* Project object */;
			proxyType = 1;
			remoteGlobalIDString = 45219B3829C1B2A9006EFE17;
			remoteInfo = PokeApp;
		};
/* End PBXContainerItemProxy section */

/* Begin PBXFileReference section */
		45219B3929C1B2A9006EFE17 /* PokeApp.app */ = {isa = PBXFileReference; explicitFileType = wrapper.application; includeInIndex = 0; path = PokeApp.app; sourceTree = BUILT_PRODUCTS_DIR; };
		45219B3C29C1B2A9006EFE17 /* AppDelegate.swift */ = {isa = PBXFileReference; lastKnownFileType = sourcecode.swift; path = AppDelegate.swift; sourceTree = "<group>"; };
		45219B3E29C1B2A9006EFE17 /* SceneDelegate.swift */ = {isa = PBXFileReference; lastKnownFileType = sourcecode.swift; path = SceneDelegate.swift; sourceTree = "<group>"; };
		45219B4029C1B2A9006EFE17 /* PokeListViewController.swift */ = {isa = PBXFileReference; lastKnownFileType = sourcecode.swift; path = PokeListViewController.swift; sourceTree = "<group>"; };
		45219B4329C1B2A9006EFE17 /* Base */ = {isa = PBXFileReference; lastKnownFileType = file.storyboard; name = Base; path = Base.lproj/Main.storyboard; sourceTree = "<group>"; };
		45219B4529C1B2AB006EFE17 /* Assets.xcassets */ = {isa = PBXFileReference; lastKnownFileType = folder.assetcatalog; path = Assets.xcassets; sourceTree = "<group>"; };
		45219B4829C1B2AB006EFE17 /* Base */ = {isa = PBXFileReference; lastKnownFileType = file.storyboard; name = Base; path = Base.lproj/LaunchScreen.storyboard; sourceTree = "<group>"; };
		45219B4A29C1B2AB006EFE17 /* Info.plist */ = {isa = PBXFileReference; lastKnownFileType = text.plist.xml; path = Info.plist; sourceTree = "<group>"; };
		45219B4F29C1B2AC006EFE17 /* PokeAppTests.xctest */ = {isa = PBXFileReference; explicitFileType = wrapper.cfbundle; includeInIndex = 0; path = PokeAppTests.xctest; sourceTree = BUILT_PRODUCTS_DIR; };
		45219B5329C1B2AC006EFE17 /* PokeAppTests.swift */ = {isa = PBXFileReference; lastKnownFileType = sourcecode.swift; path = PokeAppTests.swift; sourceTree = "<group>"; };
		45219B5929C1B2AC006EFE17 /* PokeAppUITests.xctest */ = {isa = PBXFileReference; explicitFileType = wrapper.cfbundle; includeInIndex = 0; path = PokeAppUITests.xctest; sourceTree = BUILT_PRODUCTS_DIR; };
		45219B5D29C1B2AC006EFE17 /* PokeAppUITests.swift */ = {isa = PBXFileReference; lastKnownFileType = sourcecode.swift; path = PokeAppUITests.swift; sourceTree = "<group>"; };
		45219B5F29C1B2AC006EFE17 /* PokeAppUITestsLaunchTests.swift */ = {isa = PBXFileReference; lastKnownFileType = sourcecode.swift; path = PokeAppUITestsLaunchTests.swift; sourceTree = "<group>"; };
		45219B7229C1B505006EFE17 /* PokeModel.swift */ = {isa = PBXFileReference; lastKnownFileType = sourcecode.swift; path = PokeModel.swift; sourceTree = "<group>"; };
		45219B7B29C1B788006EFE17 /* PokeListCollectionCell.swift */ = {isa = PBXFileReference; lastKnownFileType = sourcecode.swift; path = PokeListCollectionCell.swift; sourceTree = "<group>"; };
		45219B7C29C1B788006EFE17 /* PokeListCollectionCell.xib */ = {isa = PBXFileReference; lastKnownFileType = file.xib; path = PokeListCollectionCell.xib; sourceTree = "<group>"; };
		45219B7F29C1C60A006EFE17 /* ApiService.swift */ = {isa = PBXFileReference; lastKnownFileType = sourcecode.swift; path = ApiService.swift; sourceTree = "<group>"; };
		45219B8129C1C666006EFE17 /* PokeListViewModel.swift */ = {isa = PBXFileReference; lastKnownFileType = sourcecode.swift; path = PokeListViewModel.swift; sourceTree = "<group>"; };
		454AB1A429C3FBFD0066C852 /* PokeHeaderCell.swift */ = {isa = PBXFileReference; lastKnownFileType = sourcecode.swift; path = PokeHeaderCell.swift; sourceTree = "<group>"; };
		454AB1A529C3FBFD0066C852 /* PokeHeaderCell.xib */ = {isa = PBXFileReference; lastKnownFileType = file.xib; path = PokeHeaderCell.xib; sourceTree = "<group>"; };
		454AB1A829C3FCAC0066C852 /* PokeDetailController.swift */ = {isa = PBXFileReference; lastKnownFileType = sourcecode.swift; path = PokeDetailController.swift; sourceTree = "<group>"; };
		454AB1A929C3FCAC0066C852 /* PokeDetailController.xib */ = {isa = PBXFileReference; lastKnownFileType = file.xib; path = PokeDetailController.xib; sourceTree = "<group>"; };
		454AB1AD29C400C60066C852 /* PokeImageTableCell.swift */ = {isa = PBXFileReference; lastKnownFileType = sourcecode.swift; path = PokeImageTableCell.swift; sourceTree = "<group>"; };
		454AB1AE29C400C60066C852 /* PokeImageTableCell.xib */ = {isa = PBXFileReference; lastKnownFileType = file.xib; path = PokeImageTableCell.xib; sourceTree = "<group>"; };
		454AB1B229C402160066C852 /* QuickAttackLabelTableCell.swift */ = {isa = PBXFileReference; lastKnownFileType = sourcecode.swift; path = QuickAttackLabelTableCell.swift; sourceTree = "<group>"; };
		454AB1B329C402160066C852 /* QuickAttackLabelTableCell.xib */ = {isa = PBXFileReference; lastKnownFileType = file.xib; path = QuickAttackLabelTableCell.xib; sourceTree = "<group>"; };
		454AB1B629C4128B0066C852 /* PokeDetailViewModel.swift */ = {isa = PBXFileReference; lastKnownFileType = sourcecode.swift; path = PokeDetailViewModel.swift; sourceTree = "<group>"; };
		459951FF29C312C500465445 /* PokeDetailModel.swift */ = {isa = PBXFileReference; lastKnownFileType = sourcecode.swift; path = PokeDetailModel.swift; sourceTree = "<group>"; };
		D7285BEE29C71EA100CF94B0 /* PokeDetailsModel.swift */ = {isa = PBXFileReference; lastKnownFileType = sourcecode.swift; path = PokeDetailsModel.swift; sourceTree = "<group>"; };
/* End PBXFileReference section */

/* Begin PBXFrameworksBuildPhase section */
		45219B3629C1B2A9006EFE17 /* Frameworks */ = {
			isa = PBXFrameworksBuildPhase;
			buildActionMask = 2147483647;
			files = (
				459951FA29C2D4A700465445 /* SDWebImageMapKit in Frameworks */,
				459951F829C2D4A700465445 /* SDWebImage in Frameworks */,
			);
			runOnlyForDeploymentPostprocessing = 0;
		};
		45219B4C29C1B2AC006EFE17 /* Frameworks */ = {
			isa = PBXFrameworksBuildPhase;
			buildActionMask = 2147483647;
			files = (
			);
			runOnlyForDeploymentPostprocessing = 0;
		};
		45219B5629C1B2AC006EFE17 /* Frameworks */ = {
			isa = PBXFrameworksBuildPhase;
			buildActionMask = 2147483647;
			files = (
			);
			runOnlyForDeploymentPostprocessing = 0;
		};
/* End PBXFrameworksBuildPhase section */

/* Begin PBXGroup section */
		45219B3029C1B2A9006EFE17 = {
			isa = PBXGroup;
			children = (
				45219B3B29C1B2A9006EFE17 /* PokeApp */,
				45219B5229C1B2AC006EFE17 /* PokeAppTests */,
				45219B5C29C1B2AC006EFE17 /* PokeAppUITests */,
				45219B3A29C1B2A9006EFE17 /* Products */,
			);
			sourceTree = "<group>";
		};
		45219B3A29C1B2A9006EFE17 /* Products */ = {
			isa = PBXGroup;
			children = (
				45219B3929C1B2A9006EFE17 /* PokeApp.app */,
				45219B4F29C1B2AC006EFE17 /* PokeAppTests.xctest */,
				45219B5929C1B2AC006EFE17 /* PokeAppUITests.xctest */,
			);
			name = Products;
			sourceTree = "<group>";
		};
		45219B3B29C1B2A9006EFE17 /* PokeApp */ = {
			isa = PBXGroup;
			children = (
				45219B7629C1B660006EFE17 /* Storyboards */,
				45219B7529C1B652006EFE17 /* Delegates */,
				45219B7429C1B644006EFE17 /* Assets */,
				45219B6D29C1B39B006EFE17 /* Module */,
				45219B6C29C1B38B006EFE17 /* Networking */,
				45219B4A29C1B2AB006EFE17 /* Info.plist */,
			);
			path = PokeApp;
			sourceTree = "<group>";
		};
		45219B5229C1B2AC006EFE17 /* PokeAppTests */ = {
			isa = PBXGroup;
			children = (
				45219B5329C1B2AC006EFE17 /* PokeAppTests.swift */,
			);
			path = PokeAppTests;
			sourceTree = "<group>";
		};
		45219B5C29C1B2AC006EFE17 /* PokeAppUITests */ = {
			isa = PBXGroup;
			children = (
				45219B5D29C1B2AC006EFE17 /* PokeAppUITests.swift */,
				45219B5F29C1B2AC006EFE17 /* PokeAppUITestsLaunchTests.swift */,
			);
			path = PokeAppUITests;
			sourceTree = "<group>";
		};
		45219B6C29C1B38B006EFE17 /* Networking */ = {
			isa = PBXGroup;
			children = (
				45219B7F29C1C60A006EFE17 /* ApiService.swift */,
			);
			path = Networking;
			sourceTree = "<group>";
		};
		45219B6D29C1B39B006EFE17 /* Module */ = {
			isa = PBXGroup;
			children = (
				459951FB29C3099500465445 /* Page 2 */,
				45219B6E29C1B4C5006EFE17 /* Page 1 */,
			);
			path = Module;
			sourceTree = "<group>";
		};
		45219B6E29C1B4C5006EFE17 /* Page 1 */ = {
			isa = PBXGroup;
			children = (
				45219B7129C1B4F1006EFE17 /* ViewModel */,
				45219B7029C1B4EB006EFE17 /* Model */,
				45219B6F29C1B4E4006EFE17 /* View */,
			);
			path = "Page 1";
			sourceTree = "<group>";
		};
		45219B6F29C1B4E4006EFE17 /* View */ = {
			isa = PBXGroup;
			children = (
				45219B7729C1B706006EFE17 /* PokemonList */,
				45219B4029C1B2A9006EFE17 /* PokeListViewController.swift */,
			);
			path = View;
			sourceTree = "<group>";
		};
		45219B7029C1B4EB006EFE17 /* Model */ = {
			isa = PBXGroup;
			children = (
				45219B7229C1B505006EFE17 /* PokeModel.swift */,
			);
			path = Model;
			sourceTree = "<group>";
		};
		45219B7129C1B4F1006EFE17 /* ViewModel */ = {
			isa = PBXGroup;
			children = (
				45219B8129C1C666006EFE17 /* PokeListViewModel.swift */,
			);
			path = ViewModel;
			sourceTree = "<group>";
		};
		45219B7429C1B644006EFE17 /* Assets */ = {
			isa = PBXGroup;
			children = (
				45219B4529C1B2AB006EFE17 /* Assets.xcassets */,
			);
			path = Assets;
			sourceTree = "<group>";
		};
		45219B7529C1B652006EFE17 /* Delegates */ = {
			isa = PBXGroup;
			children = (
				45219B3C29C1B2A9006EFE17 /* AppDelegate.swift */,
				45219B3E29C1B2A9006EFE17 /* SceneDelegate.swift */,
			);
			path = Delegates;
			sourceTree = "<group>";
		};
		45219B7629C1B660006EFE17 /* Storyboards */ = {
			isa = PBXGroup;
			children = (
				45219B4229C1B2A9006EFE17 /* Main.storyboard */,
				45219B4729C1B2AB006EFE17 /* LaunchScreen.storyboard */,
			);
			path = Storyboards;
			sourceTree = "<group>";
		};
		45219B7729C1B706006EFE17 /* PokemonList */ = {
			isa = PBXGroup;
			children = (
				45219B7A29C1B733006EFE17 /* PokeListCollectionCell */,
			);
			path = PokemonList;
			sourceTree = "<group>";
		};
		45219B7A29C1B733006EFE17 /* PokeListCollectionCell */ = {
			isa = PBXGroup;
			children = (
				45219B7B29C1B788006EFE17 /* PokeListCollectionCell.swift */,
				45219B7C29C1B788006EFE17 /* PokeListCollectionCell.xib */,
			);
			path = PokeListCollectionCell;
			sourceTree = "<group>";
		};
		454AB1A229C3FA720066C852 /* PokeCard */ = {
			isa = PBXGroup;
			children = (
				454AB1B129C401D90066C852 /* QuickAttackLabel */,
				454AB1AC29C4007D0066C852 /* PokeImage */,
				454AB1A329C3FA910066C852 /* PokeHeader */,
			);
			path = PokeCard;
			sourceTree = "<group>";
		};
		454AB1A329C3FA910066C852 /* PokeHeader */ = {
			isa = PBXGroup;
			children = (
				454AB1A429C3FBFD0066C852 /* PokeHeaderCell.swift */,
				454AB1A529C3FBFD0066C852 /* PokeHeaderCell.xib */,
			);
			path = PokeHeader;
			sourceTree = "<group>";
		};
		454AB1AC29C4007D0066C852 /* PokeImage */ = {
			isa = PBXGroup;
			children = (
				454AB1AD29C400C60066C852 /* PokeImageTableCell.swift */,
				454AB1AE29C400C60066C852 /* PokeImageTableCell.xib */,
			);
			path = PokeImage;
			sourceTree = "<group>";
		};
		454AB1B129C401D90066C852 /* QuickAttackLabel */ = {
			isa = PBXGroup;
			children = (
				454AB1B229C402160066C852 /* QuickAttackLabelTableCell.swift */,
				454AB1B329C402160066C852 /* QuickAttackLabelTableCell.xib */,
			);
			path = QuickAttackLabel;
			sourceTree = "<group>";
		};
		459951FB29C3099500465445 /* Page 2 */ = {
			isa = PBXGroup;
			children = (
				459951FE29C309B200465445 /* Model */,
				459951FD29C309AC00465445 /* View */,
				459951FC29C309A300465445 /* ViewModel */,
			);
			path = "Page 2";
			sourceTree = "<group>";
		};
		459951FC29C309A300465445 /* ViewModel */ = {
			isa = PBXGroup;
			children = (
				454AB1B629C4128B0066C852 /* PokeDetailViewModel.swift */,
			);
			path = ViewModel;
			sourceTree = "<group>";
		};
		459951FD29C309AC00465445 /* View */ = {
			isa = PBXGroup;
			children = (
				454AB1A229C3FA720066C852 /* PokeCard */,
				454AB1A829C3FCAC0066C852 /* PokeDetailController.swift */,
				454AB1A929C3FCAC0066C852 /* PokeDetailController.xib */,
			);
			path = View;
			sourceTree = "<group>";
		};
		459951FE29C309B200465445 /* Model */ = {
			isa = PBXGroup;
			children = (
				459951FF29C312C500465445 /* PokeDetailModel.swift */,
				D7285BEE29C71EA100CF94B0 /* PokeDetailsModel.swift */,
			);
			path = Model;
			sourceTree = "<group>";
		};
/* End PBXGroup section */

/* Begin PBXNativeTarget section */
		45219B3829C1B2A9006EFE17 /* PokeApp */ = {
			isa = PBXNativeTarget;
			buildConfigurationList = 45219B6329C1B2AC006EFE17 /* Build configuration list for PBXNativeTarget "PokeApp" */;
			buildPhases = (
				45219B3529C1B2A9006EFE17 /* Sources */,
				45219B3629C1B2A9006EFE17 /* Frameworks */,
				45219B3729C1B2A9006EFE17 /* Resources */,
			);
			buildRules = (
			);
			dependencies = (
			);
			name = PokeApp;
			packageProductDependencies = (
				459951F729C2D4A700465445 /* SDWebImage */,
				459951F929C2D4A700465445 /* SDWebImageMapKit */,
			);
			productName = PokeApp;
			productReference = 45219B3929C1B2A9006EFE17 /* PokeApp.app */;
			productType = "com.apple.product-type.application";
		};
		45219B4E29C1B2AC006EFE17 /* PokeAppTests */ = {
			isa = PBXNativeTarget;
			buildConfigurationList = 45219B6629C1B2AC006EFE17 /* Build configuration list for PBXNativeTarget "PokeAppTests" */;
			buildPhases = (
				45219B4B29C1B2AC006EFE17 /* Sources */,
				45219B4C29C1B2AC006EFE17 /* Frameworks */,
				45219B4D29C1B2AC006EFE17 /* Resources */,
			);
			buildRules = (
			);
			dependencies = (
				45219B5129C1B2AC006EFE17 /* PBXTargetDependency */,
			);
			name = PokeAppTests;
			productName = PokeAppTests;
			productReference = 45219B4F29C1B2AC006EFE17 /* PokeAppTests.xctest */;
			productType = "com.apple.product-type.bundle.unit-test";
		};
		45219B5829C1B2AC006EFE17 /* PokeAppUITests */ = {
			isa = PBXNativeTarget;
			buildConfigurationList = 45219B6929C1B2AC006EFE17 /* Build configuration list for PBXNativeTarget "PokeAppUITests" */;
			buildPhases = (
				45219B5529C1B2AC006EFE17 /* Sources */,
				45219B5629C1B2AC006EFE17 /* Frameworks */,
				45219B5729C1B2AC006EFE17 /* Resources */,
			);
			buildRules = (
			);
			dependencies = (
				45219B5B29C1B2AC006EFE17 /* PBXTargetDependency */,
			);
			name = PokeAppUITests;
			productName = PokeAppUITests;
			productReference = 45219B5929C1B2AC006EFE17 /* PokeAppUITests.xctest */;
			productType = "com.apple.product-type.bundle.ui-testing";
		};
/* End PBXNativeTarget section */

/* Begin PBXProject section */
		45219B3129C1B2A9006EFE17 /* Project object */ = {
			isa = PBXProject;
			attributes = {
				BuildIndependentTargetsInParallel = 1;
				LastSwiftUpdateCheck = 1420;
				LastUpgradeCheck = 1420;
				TargetAttributes = {
					45219B3829C1B2A9006EFE17 = {
						CreatedOnToolsVersion = 14.2;
					};
					45219B4E29C1B2AC006EFE17 = {
						CreatedOnToolsVersion = 14.2;
						TestTargetID = 45219B3829C1B2A9006EFE17;
					};
					45219B5829C1B2AC006EFE17 = {
						CreatedOnToolsVersion = 14.2;
						TestTargetID = 45219B3829C1B2A9006EFE17;
					};
				};
			};
			buildConfigurationList = 45219B3429C1B2A9006EFE17 /* Build configuration list for PBXProject "PokeApp" */;
			compatibilityVersion = "Xcode 14.0";
			developmentRegion = en;
			hasScannedForEncodings = 0;
			knownRegions = (
				en,
				Base,
			);
			mainGroup = 45219B3029C1B2A9006EFE17;
			packageReferences = (
				459951F629C2D4A700465445 /* XCRemoteSwiftPackageReference "SDWebImage" */,
			);
			productRefGroup = 45219B3A29C1B2A9006EFE17 /* Products */;
			projectDirPath = "";
			projectRoot = "";
			targets = (
				45219B3829C1B2A9006EFE17 /* PokeApp */,
				45219B4E29C1B2AC006EFE17 /* PokeAppTests */,
				45219B5829C1B2AC006EFE17 /* PokeAppUITests */,
			);
		};
/* End PBXProject section */

/* Begin PBXResourcesBuildPhase section */
		45219B3729C1B2A9006EFE17 /* Resources */ = {
			isa = PBXResourcesBuildPhase;
			buildActionMask = 2147483647;
			files = (
				45219B4929C1B2AB006EFE17 /* LaunchScreen.storyboard in Resources */,
				454AB1AB29C3FCAC0066C852 /* PokeDetailController.xib in Resources */,
				454AB1B029C400C60066C852 /* PokeImageTableCell.xib in Resources */,
				454AB1B529C402160066C852 /* QuickAttackLabelTableCell.xib in Resources */,
				45219B4629C1B2AB006EFE17 /* Assets.xcassets in Resources */,
				45219B7E29C1B788006EFE17 /* PokeListCollectionCell.xib in Resources */,
				45219B4429C1B2A9006EFE17 /* Main.storyboard in Resources */,
				454AB1A729C3FBFD0066C852 /* PokeHeaderCell.xib in Resources */,
			);
			runOnlyForDeploymentPostprocessing = 0;
		};
		45219B4D29C1B2AC006EFE17 /* Resources */ = {
			isa = PBXResourcesBuildPhase;
			buildActionMask = 2147483647;
			files = (
			);
			runOnlyForDeploymentPostprocessing = 0;
		};
		45219B5729C1B2AC006EFE17 /* Resources */ = {
			isa = PBXResourcesBuildPhase;
			buildActionMask = 2147483647;
			files = (
			);
			runOnlyForDeploymentPostprocessing = 0;
		};
/* End PBXResourcesBuildPhase section */

/* Begin PBXSourcesBuildPhase section */
		45219B3529C1B2A9006EFE17 /* Sources */ = {
			isa = PBXSourcesBuildPhase;
			buildActionMask = 2147483647;
			files = (
				454AB1AF29C400C60066C852 /* PokeImageTableCell.swift in Sources */,
				45219B4129C1B2A9006EFE17 /* PokeListViewController.swift in Sources */,
				45219B8229C1C666006EFE17 /* PokeListViewModel.swift in Sources */,
				454AB1B729C4128B0066C852 /* PokeDetailViewModel.swift in Sources */,
				454AB1B429C402160066C852 /* QuickAttackLabelTableCell.swift in Sources */,
				D7285BEF29C71EA100CF94B0 /* PokeDetailsModel.swift in Sources */,
				45219B3D29C1B2A9006EFE17 /* AppDelegate.swift in Sources */,
				4599520029C312C500465445 /* PokeDetailModel.swift in Sources */,
				45219B7D29C1B788006EFE17 /* PokeListCollectionCell.swift in Sources */,
				45219B7329C1B505006EFE17 /* PokeModel.swift in Sources */,
				454AB1A629C3FBFD0066C852 /* PokeHeaderCell.swift in Sources */,
				454AB1AA29C3FCAC0066C852 /* PokeDetailController.swift in Sources */,
				45219B3F29C1B2A9006EFE17 /* SceneDelegate.swift in Sources */,
				45219B8029C1C60A006EFE17 /* ApiService.swift in Sources */,
			);
			runOnlyForDeploymentPostprocessing = 0;
		};
		45219B4B29C1B2AC006EFE17 /* Sources */ = {
			isa = PBXSourcesBuildPhase;
			buildActionMask = 2147483647;
			files = (
				45219B5429C1B2AC006EFE17 /* PokeAppTests.swift in Sources */,
			);
			runOnlyForDeploymentPostprocessing = 0;
		};
		45219B5529C1B2AC006EFE17 /* Sources */ = {
			isa = PBXSourcesBuildPhase;
			buildActionMask = 2147483647;
			files = (
				45219B5E29C1B2AC006EFE17 /* PokeAppUITests.swift in Sources */,
				45219B6029C1B2AC006EFE17 /* PokeAppUITestsLaunchTests.swift in Sources */,
			);
			runOnlyForDeploymentPostprocessing = 0;
		};
/* End PBXSourcesBuildPhase section */

/* Begin PBXTargetDependency section */
		45219B5129C1B2AC006EFE17 /* PBXTargetDependency */ = {
			isa = PBXTargetDependency;
			target = 45219B3829C1B2A9006EFE17 /* PokeApp */;
			targetProxy = 45219B5029C1B2AC006EFE17 /* PBXContainerItemProxy */;
		};
		45219B5B29C1B2AC006EFE17 /* PBXTargetDependency */ = {
			isa = PBXTargetDependency;
			target = 45219B3829C1B2A9006EFE17 /* PokeApp */;
			targetProxy = 45219B5A29C1B2AC006EFE17 /* PBXContainerItemProxy */;
		};
/* End PBXTargetDependency section */

/* Begin PBXVariantGroup section */
		45219B4229C1B2A9006EFE17 /* Main.storyboard */ = {
			isa = PBXVariantGroup;
			children = (
				45219B4329C1B2A9006EFE17 /* Base */,
			);
			name = Main.storyboard;
			sourceTree = "<group>";
		};
		45219B4729C1B2AB006EFE17 /* LaunchScreen.storyboard */ = {
			isa = PBXVariantGroup;
			children = (
				45219B4829C1B2AB006EFE17 /* Base */,
			);
			name = LaunchScreen.storyboard;
			sourceTree = "<group>";
		};
/* End PBXVariantGroup section */

/* Begin XCBuildConfiguration section */
		45219B6129C1B2AC006EFE17 /* Debug */ = {
			isa = XCBuildConfiguration;
			buildSettings = {
				ALWAYS_SEARCH_USER_PATHS = NO;
				CLANG_ANALYZER_NONNULL = YES;
				CLANG_ANALYZER_NUMBER_OBJECT_CONVERSION = YES_AGGRESSIVE;
				CLANG_CXX_LANGUAGE_STANDARD = "gnu++20";
				CLANG_ENABLE_MODULES = YES;
				CLANG_ENABLE_OBJC_ARC = YES;
				CLANG_ENABLE_OBJC_WEAK = YES;
				CLANG_WARN_BLOCK_CAPTURE_AUTORELEASING = YES;
				CLANG_WARN_BOOL_CONVERSION = YES;
				CLANG_WARN_COMMA = YES;
				CLANG_WARN_CONSTANT_CONVERSION = YES;
				CLANG_WARN_DEPRECATED_OBJC_IMPLEMENTATIONS = YES;
				CLANG_WARN_DIRECT_OBJC_ISA_USAGE = YES_ERROR;
				CLANG_WARN_DOCUMENTATION_COMMENTS = YES;
				CLANG_WARN_EMPTY_BODY = YES;
				CLANG_WARN_ENUM_CONVERSION = YES;
				CLANG_WARN_INFINITE_RECURSION = YES;
				CLANG_WARN_INT_CONVERSION = YES;
				CLANG_WARN_NON_LITERAL_NULL_CONVERSION = YES;
				CLANG_WARN_OBJC_IMPLICIT_RETAIN_SELF = YES;
				CLANG_WARN_OBJC_LITERAL_CONVERSION = YES;
				CLANG_WARN_OBJC_ROOT_CLASS = YES_ERROR;
				CLANG_WARN_QUOTED_INCLUDE_IN_FRAMEWORK_HEADER = YES;
				CLANG_WARN_RANGE_LOOP_ANALYSIS = YES;
				CLANG_WARN_STRICT_PROTOTYPES = YES;
				CLANG_WARN_SUSPICIOUS_MOVE = YES;
				CLANG_WARN_UNGUARDED_AVAILABILITY = YES_AGGRESSIVE;
				CLANG_WARN_UNREACHABLE_CODE = YES;
				CLANG_WARN__DUPLICATE_METHOD_MATCH = YES;
				COPY_PHASE_STRIP = NO;
				DEBUG_INFORMATION_FORMAT = dwarf;
				ENABLE_STRICT_OBJC_MSGSEND = YES;
				ENABLE_TESTABILITY = YES;
				GCC_C_LANGUAGE_STANDARD = gnu11;
				GCC_DYNAMIC_NO_PIC = NO;
				GCC_NO_COMMON_BLOCKS = YES;
				GCC_OPTIMIZATION_LEVEL = 0;
				GCC_PREPROCESSOR_DEFINITIONS = (
					"DEBUG=1",
					"$(inherited)",
				);
				GCC_WARN_64_TO_32_BIT_CONVERSION = YES;
				GCC_WARN_ABOUT_RETURN_TYPE = YES_ERROR;
				GCC_WARN_UNDECLARED_SELECTOR = YES;
				GCC_WARN_UNINITIALIZED_AUTOS = YES_AGGRESSIVE;
				GCC_WARN_UNUSED_FUNCTION = YES;
				GCC_WARN_UNUSED_VARIABLE = YES;
				IPHONEOS_DEPLOYMENT_TARGET = 16.2;
				MTL_ENABLE_DEBUG_INFO = INCLUDE_SOURCE;
				MTL_FAST_MATH = YES;
				ONLY_ACTIVE_ARCH = YES;
				SDKROOT = iphoneos;
				SWIFT_ACTIVE_COMPILATION_CONDITIONS = DEBUG;
				SWIFT_OPTIMIZATION_LEVEL = "-Onone";
			};
			name = Debug;
		};
		45219B6229C1B2AC006EFE17 /* Release */ = {
			isa = XCBuildConfiguration;
			buildSettings = {
				ALWAYS_SEARCH_USER_PATHS = NO;
				CLANG_ANALYZER_NONNULL = YES;
				CLANG_ANALYZER_NUMBER_OBJECT_CONVERSION = YES_AGGRESSIVE;
				CLANG_CXX_LANGUAGE_STANDARD = "gnu++20";
				CLANG_ENABLE_MODULES = YES;
				CLANG_ENABLE_OBJC_ARC = YES;
				CLANG_ENABLE_OBJC_WEAK = YES;
				CLANG_WARN_BLOCK_CAPTURE_AUTORELEASING = YES;
				CLANG_WARN_BOOL_CONVERSION = YES;
				CLANG_WARN_COMMA = YES;
				CLANG_WARN_CONSTANT_CONVERSION = YES;
				CLANG_WARN_DEPRECATED_OBJC_IMPLEMENTATIONS = YES;
				CLANG_WARN_DIRECT_OBJC_ISA_USAGE = YES_ERROR;
				CLANG_WARN_DOCUMENTATION_COMMENTS = YES;
				CLANG_WARN_EMPTY_BODY = YES;
				CLANG_WARN_ENUM_CONVERSION = YES;
				CLANG_WARN_INFINITE_RECURSION = YES;
				CLANG_WARN_INT_CONVERSION = YES;
				CLANG_WARN_NON_LITERAL_NULL_CONVERSION = YES;
				CLANG_WARN_OBJC_IMPLICIT_RETAIN_SELF = YES;
				CLANG_WARN_OBJC_LITERAL_CONVERSION = YES;
				CLANG_WARN_OBJC_ROOT_CLASS = YES_ERROR;
				CLANG_WARN_QUOTED_INCLUDE_IN_FRAMEWORK_HEADER = YES;
				CLANG_WARN_RANGE_LOOP_ANALYSIS = YES;
				CLANG_WARN_STRICT_PROTOTYPES = YES;
				CLANG_WARN_SUSPICIOUS_MOVE = YES;
				CLANG_WARN_UNGUARDED_AVAILABILITY = YES_AGGRESSIVE;
				CLANG_WARN_UNREACHABLE_CODE = YES;
				CLANG_WARN__DUPLICATE_METHOD_MATCH = YES;
				COPY_PHASE_STRIP = NO;
				DEBUG_INFORMATION_FORMAT = "dwarf-with-dsym";
				ENABLE_NS_ASSERTIONS = NO;
				ENABLE_STRICT_OBJC_MSGSEND = YES;
				GCC_C_LANGUAGE_STANDARD = gnu11;
				GCC_NO_COMMON_BLOCKS = YES;
				GCC_WARN_64_TO_32_BIT_CONVERSION = YES;
				GCC_WARN_ABOUT_RETURN_TYPE = YES_ERROR;
				GCC_WARN_UNDECLARED_SELECTOR = YES;
				GCC_WARN_UNINITIALIZED_AUTOS = YES_AGGRESSIVE;
				GCC_WARN_UNUSED_FUNCTION = YES;
				GCC_WARN_UNUSED_VARIABLE = YES;
				IPHONEOS_DEPLOYMENT_TARGET = 16.2;
				MTL_ENABLE_DEBUG_INFO = NO;
				MTL_FAST_MATH = YES;
				SDKROOT = iphoneos;
				SWIFT_COMPILATION_MODE = wholemodule;
				SWIFT_OPTIMIZATION_LEVEL = "-O";
				VALIDATE_PRODUCT = YES;
			};
			name = Release;
		};
		45219B6429C1B2AC006EFE17 /* Debug */ = {
			isa = XCBuildConfiguration;
			buildSettings = {
				ASSETCATALOG_COMPILER_APPICON_NAME = AppIcon;
				ASSETCATALOG_COMPILER_GLOBAL_ACCENT_COLOR_NAME = AccentColor;
				CODE_SIGN_STYLE = Automatic;
				CURRENT_PROJECT_VERSION = 1;
				GENERATE_INFOPLIST_FILE = YES;
				INFOPLIST_FILE = PokeApp/Info.plist;
				INFOPLIST_KEY_UIApplicationSupportsIndirectInputEvents = YES;
				INFOPLIST_KEY_UILaunchStoryboardName = LaunchScreen;
				INFOPLIST_KEY_UIMainStoryboardFile = Main;
				INFOPLIST_KEY_UISupportedInterfaceOrientations_iPad = "UIInterfaceOrientationPortrait UIInterfaceOrientationPortraitUpsideDown UIInterfaceOrientationLandscapeLeft UIInterfaceOrientationLandscapeRight";
				INFOPLIST_KEY_UISupportedInterfaceOrientations_iPhone = "UIInterfaceOrientationPortrait UIInterfaceOrientationLandscapeLeft UIInterfaceOrientationLandscapeRight";
				LD_RUNPATH_SEARCH_PATHS = (
					"$(inherited)",
					"@executable_path/Frameworks",
				);
				MARKETING_VERSION = 1.0;
				PRODUCT_BUNDLE_IDENTIFIER = com.farhan.PokeApp;
				PRODUCT_NAME = "$(TARGET_NAME)";
				SWIFT_EMIT_LOC_STRINGS = YES;
				SWIFT_VERSION = 5.0;
				TARGETED_DEVICE_FAMILY = "1,2";
			};
			name = Debug;
		};
		45219B6529C1B2AC006EFE17 /* Release */ = {
			isa = XCBuildConfiguration;
			buildSettings = {
				ASSETCATALOG_COMPILER_APPICON_NAME = AppIcon;
				ASSETCATALOG_COMPILER_GLOBAL_ACCENT_COLOR_NAME = AccentColor;
				CODE_SIGN_STYLE = Automatic;
				CURRENT_PROJECT_VERSION = 1;
				GENERATE_INFOPLIST_FILE = YES;
				INFOPLIST_FILE = PokeApp/Info.plist;
				INFOPLIST_KEY_UIApplicationSupportsIndirectInputEvents = YES;
				INFOPLIST_KEY_UILaunchStoryboardName = LaunchScreen;
				INFOPLIST_KEY_UIMainStoryboardFile = Main;
				INFOPLIST_KEY_UISupportedInterfaceOrientations_iPad = "UIInterfaceOrientationPortrait UIInterfaceOrientationPortraitUpsideDown UIInterfaceOrientationLandscapeLeft UIInterfaceOrientationLandscapeRight";
				INFOPLIST_KEY_UISupportedInterfaceOrientations_iPhone = "UIInterfaceOrientationPortrait UIInterfaceOrientationLandscapeLeft UIInterfaceOrientationLandscapeRight";
				LD_RUNPATH_SEARCH_PATHS = (
					"$(inherited)",
					"@executable_path/Frameworks",
				);
				MARKETING_VERSION = 1.0;
				PRODUCT_BUNDLE_IDENTIFIER = com.farhan.PokeApp;
				PRODUCT_NAME = "$(TARGET_NAME)";
				SWIFT_EMIT_LOC_STRINGS = YES;
				SWIFT_VERSION = 5.0;
				TARGETED_DEVICE_FAMILY = "1,2";
			};
			name = Release;
		};
		45219B6729C1B2AC006EFE17 /* Debug */ = {
			isa = XCBuildConfiguration;
			buildSettings = {
				ALWAYS_EMBED_SWIFT_STANDARD_LIBRARIES = YES;
				BUNDLE_LOADER = "$(TEST_HOST)";
				CODE_SIGN_STYLE = Automatic;
				CURRENT_PROJECT_VERSION = 1;
				GENERATE_INFOPLIST_FILE = YES;
				IPHONEOS_DEPLOYMENT_TARGET = 16.2;
				MARKETING_VERSION = 1.0;
				PRODUCT_BUNDLE_IDENTIFIER = com.farhan.PokeAppTests;
				PRODUCT_NAME = "$(TARGET_NAME)";
				SWIFT_EMIT_LOC_STRINGS = NO;
				SWIFT_VERSION = 5.0;
				TARGETED_DEVICE_FAMILY = "1,2";
				TEST_HOST = "$(BUILT_PRODUCTS_DIR)/PokeApp.app/$(BUNDLE_EXECUTABLE_FOLDER_PATH)/PokeApp";
			};
			name = Debug;
		};
		45219B6829C1B2AC006EFE17 /* Release */ = {
			isa = XCBuildConfiguration;
			buildSettings = {
				ALWAYS_EMBED_SWIFT_STANDARD_LIBRARIES = YES;
				BUNDLE_LOADER = "$(TEST_HOST)";
				CODE_SIGN_STYLE = Automatic;
				CURRENT_PROJECT_VERSION = 1;
				GENERATE_INFOPLIST_FILE = YES;
				IPHONEOS_DEPLOYMENT_TARGET = 16.2;
				MARKETING_VERSION = 1.0;
				PRODUCT_BUNDLE_IDENTIFIER = com.farhan.PokeAppTests;
				PRODUCT_NAME = "$(TARGET_NAME)";
				SWIFT_EMIT_LOC_STRINGS = NO;
				SWIFT_VERSION = 5.0;
				TARGETED_DEVICE_FAMILY = "1,2";
				TEST_HOST = "$(BUILT_PRODUCTS_DIR)/PokeApp.app/$(BUNDLE_EXECUTABLE_FOLDER_PATH)/PokeApp";
			};
			name = Release;
		};
		45219B6A29C1B2AC006EFE17 /* Debug */ = {
			isa = XCBuildConfiguration;
			buildSettings = {
				ALWAYS_EMBED_SWIFT_STANDARD_LIBRARIES = YES;
				CODE_SIGN_STYLE = Automatic;
				CURRENT_PROJECT_VERSION = 1;
				GENERATE_INFOPLIST_FILE = YES;
				MARKETING_VERSION = 1.0;
				PRODUCT_BUNDLE_IDENTIFIER = com.farhan.PokeAppUITests;
				PRODUCT_NAME = "$(TARGET_NAME)";
				SWIFT_EMIT_LOC_STRINGS = NO;
				SWIFT_VERSION = 5.0;
				TARGETED_DEVICE_FAMILY = "1,2";
				TEST_TARGET_NAME = PokeApp;
			};
			name = Debug;
		};
		45219B6B29C1B2AC006EFE17 /* Release */ = {
			isa = XCBuildConfiguration;
			buildSettings = {
				ALWAYS_EMBED_SWIFT_STANDARD_LIBRARIES = YES;
				CODE_SIGN_STYLE = Automatic;
				CURRENT_PROJECT_VERSION = 1;
				GENERATE_INFOPLIST_FILE = YES;
				MARKETING_VERSION = 1.0;
				PRODUCT_BUNDLE_IDENTIFIER = com.farhan.PokeAppUITests;
				PRODUCT_NAME = "$(TARGET_NAME)";
				SWIFT_EMIT_LOC_STRINGS = NO;
				SWIFT_VERSION = 5.0;
				TARGETED_DEVICE_FAMILY = "1,2";
				TEST_TARGET_NAME = PokeApp;
			};
			name = Release;
		};
/* End XCBuildConfiguration section */

/* Begin XCConfigurationList section */
		45219B3429C1B2A9006EFE17 /* Build configuration list for PBXProject "PokeApp" */ = {
			isa = XCConfigurationList;
			buildConfigurations = (
				45219B6129C1B2AC006EFE17 /* Debug */,
				45219B6229C1B2AC006EFE17 /* Release */,
			);
			defaultConfigurationIsVisible = 0;
			defaultConfigurationName = Release;
		};
		45219B6329C1B2AC006EFE17 /* Build configuration list for PBXNativeTarget "PokeApp" */ = {
			isa = XCConfigurationList;
			buildConfigurations = (
				45219B6429C1B2AC006EFE17 /* Debug */,
				45219B6529C1B2AC006EFE17 /* Release */,
			);
			defaultConfigurationIsVisible = 0;
			defaultConfigurationName = Release;
		};
		45219B6629C1B2AC006EFE17 /* Build configuration list for PBXNativeTarget "PokeAppTests" */ = {
			isa = XCConfigurationList;
			buildConfigurations = (
				45219B6729C1B2AC006EFE17 /* Debug */,
				45219B6829C1B2AC006EFE17 /* Release */,
			);
			defaultConfigurationIsVisible = 0;
			defaultConfigurationName = Release;
		};
		45219B6929C1B2AC006EFE17 /* Build configuration list for PBXNativeTarget "PokeAppUITests" */ = {
			isa = XCConfigurationList;
			buildConfigurations = (
				45219B6A29C1B2AC006EFE17 /* Debug */,
				45219B6B29C1B2AC006EFE17 /* Release */,
			);
			defaultConfigurationIsVisible = 0;
			defaultConfigurationName = Release;
		};
/* End XCConfigurationList section */

/* Begin XCRemoteSwiftPackageReference section */
		459951F629C2D4A700465445 /* XCRemoteSwiftPackageReference "SDWebImage" */ = {
			isa = XCRemoteSwiftPackageReference;
			repositoryURL = "https://github.com/SDWebImage/SDWebImage";
			requirement = {
				kind = upToNextMajorVersion;
				minimumVersion = 5.0.0;
			};
		};
/* End XCRemoteSwiftPackageReference section */

/* Begin XCSwiftPackageProductDependency section */
		459951F729C2D4A700465445 /* SDWebImage */ = {
			isa = XCSwiftPackageProductDependency;
			package = 459951F629C2D4A700465445 /* XCRemoteSwiftPackageReference "SDWebImage" */;
			productName = SDWebImage;
		};
		459951F929C2D4A700465445 /* SDWebImageMapKit */ = {
			isa = XCSwiftPackageProductDependency;
			package = 459951F629C2D4A700465445 /* XCRemoteSwiftPackageReference "SDWebImage" */;
			productName = SDWebImageMapKit;
		};
/* End XCSwiftPackageProductDependency section */
	};
	rootObject = 45219B3129C1B2A9006EFE17 /* Project object */;
}
